// !$*UTF8*$!
{
	archiveVersion = 1;
	classes = {
	};
	objectVersion = 46;
	objects = {

/* Begin PBXBuildFile section */
		3F431BC1E7353069D973898B /* Pods_Algonquin.framework in Frameworks */ = {isa = PBXBuildFile; fileRef = E6EE74CAB029109A07417E17 /* Pods_Algonquin.framework */; };
		D07BA3171F51C80C005D2EE8 /* CourseDetailTableViewController.swift in Sources */ = {isa = PBXBuildFile; fileRef = D07BA3161F51C80C005D2EE8 /* CourseDetailTableViewController.swift */; };
		D0B434E31F4E8AE400393ACE /* CoursesTableViewController.swift in Sources */ = {isa = PBXBuildFile; fileRef = D0B434E21F4E8AE400393ACE /* CoursesTableViewController.swift */; };
		D0B434E51F4E8E9A00393ACE /* CoursesTableViewCell.swift in Sources */ = {isa = PBXBuildFile; fileRef = D0B434E41F4E8E9A00393ACE /* CoursesTableViewCell.swift */; };
		D0B434E71F4E8F9700393ACE /* Client.swift in Sources */ = {isa = PBXBuildFile; fileRef = D0B434E61F4E8F9700393ACE /* Client.swift */; };
		D0CC6CA51F4E248D00D43AA8 /* AppDelegate.swift in Sources */ = {isa = PBXBuildFile; fileRef = D0CC6CA41F4E248D00D43AA8 /* AppDelegate.swift */; };
		D0CC6CAA1F4E248D00D43AA8 /* Main.storyboard in Resources */ = {isa = PBXBuildFile; fileRef = D0CC6CA81F4E248D00D43AA8 /* Main.storyboard */; };
		D0CC6CAC1F4E248D00D43AA8 /* Assets.xcassets in Resources */ = {isa = PBXBuildFile; fileRef = D0CC6CAB1F4E248D00D43AA8 /* Assets.xcassets */; };
		D0CC6CAF1F4E248D00D43AA8 /* LaunchScreen.storyboard in Resources */ = {isa = PBXBuildFile; fileRef = D0CC6CAD1F4E248D00D43AA8 /* LaunchScreen.storyboard */; };
		D0CC6CB81F4E262900D43AA8 /* Summary.swift in Sources */ = {isa = PBXBuildFile; fileRef = D0CC6CB71F4E262900D43AA8 /* Summary.swift */; };
		D0CC6CBA1F4E289500D43AA8 /* Course.swift in Sources */ = {isa = PBXBuildFile; fileRef = D0CC6CB91F4E289500D43AA8 /* Course.swift */; };
		D0CC6CBD1F4E594F00D43AA8 /* Request.swift in Sources */ = {isa = PBXBuildFile; fileRef = D0CC6CBC1F4E594F00D43AA8 /* Request.swift */; };
		D0CC6CC11F4E5A1B00D43AA8 /* ParserRoutes.swift in Sources */ = {isa = PBXBuildFile; fileRef = D0CC6CC01F4E5A1B00D43AA8 /* ParserRoutes.swift */; };
/* End PBXBuildFile section */

/* Begin PBXFileReference section */
		5474BBE69EF73B89BD3E689E /* Pods-Algonquin.release.xcconfig */ = {isa = PBXFileReference; includeInIndex = 1; lastKnownFileType = text.xcconfig; name = "Pods-Algonquin.release.xcconfig"; path = "Pods/Target Support Files/Pods-Algonquin/Pods-Algonquin.release.xcconfig"; sourceTree = "<group>"; };
		D07BA3161F51C80C005D2EE8 /* CourseDetailTableViewController.swift */ = {isa = PBXFileReference; fileEncoding = 4; lastKnownFileType = sourcecode.swift; path = CourseDetailTableViewController.swift; sourceTree = "<group>"; };
		D0B434E21F4E8AE400393ACE /* CoursesTableViewController.swift */ = {isa = PBXFileReference; fileEncoding = 4; lastKnownFileType = sourcecode.swift; path = CoursesTableViewController.swift; sourceTree = "<group>"; };
		D0B434E41F4E8E9A00393ACE /* CoursesTableViewCell.swift */ = {isa = PBXFileReference; fileEncoding = 4; lastKnownFileType = sourcecode.swift; path = CoursesTableViewCell.swift; sourceTree = "<group>"; };
		D0B434E61F4E8F9700393ACE /* Client.swift */ = {isa = PBXFileReference; fileEncoding = 4; lastKnownFileType = sourcecode.swift; path = Client.swift; sourceTree = "<group>"; };
		D0CC6CA11F4E248D00D43AA8 /* Algonquin.app */ = {isa = PBXFileReference; explicitFileType = wrapper.application; includeInIndex = 0; path = Algonquin.app; sourceTree = BUILT_PRODUCTS_DIR; };
		D0CC6CA41F4E248D00D43AA8 /* AppDelegate.swift */ = {isa = PBXFileReference; lastKnownFileType = sourcecode.swift; path = AppDelegate.swift; sourceTree = "<group>"; };
		D0CC6CA91F4E248D00D43AA8 /* Base */ = {isa = PBXFileReference; lastKnownFileType = file.storyboard; name = Base; path = Base.lproj/Main.storyboard; sourceTree = "<group>"; };
		D0CC6CAB1F4E248D00D43AA8 /* Assets.xcassets */ = {isa = PBXFileReference; lastKnownFileType = folder.assetcatalog; path = Assets.xcassets; sourceTree = "<group>"; };
		D0CC6CAE1F4E248D00D43AA8 /* Base */ = {isa = PBXFileReference; lastKnownFileType = file.storyboard; name = Base; path = Base.lproj/LaunchScreen.storyboard; sourceTree = "<group>"; };
		D0CC6CB01F4E248D00D43AA8 /* Info.plist */ = {isa = PBXFileReference; lastKnownFileType = text.plist.xml; path = Info.plist; sourceTree = "<group>"; };
		D0CC6CB71F4E262900D43AA8 /* Summary.swift */ = {isa = PBXFileReference; fileEncoding = 4; lastKnownFileType = sourcecode.swift; path = Summary.swift; sourceTree = "<group>"; };
		D0CC6CB91F4E289500D43AA8 /* Course.swift */ = {isa = PBXFileReference; fileEncoding = 4; lastKnownFileType = sourcecode.swift; path = Course.swift; sourceTree = "<group>"; };
		D0CC6CBC1F4E594F00D43AA8 /* Request.swift */ = {isa = PBXFileReference; fileEncoding = 4; lastKnownFileType = sourcecode.swift; path = Request.swift; sourceTree = "<group>"; };
		D0CC6CC01F4E5A1B00D43AA8 /* ParserRoutes.swift */ = {isa = PBXFileReference; fileEncoding = 4; lastKnownFileType = sourcecode.swift; path = ParserRoutes.swift; sourceTree = "<group>"; };
		E6EE74CAB029109A07417E17 /* Pods_Algonquin.framework */ = {isa = PBXFileReference; explicitFileType = wrapper.framework; includeInIndex = 0; path = Pods_Algonquin.framework; sourceTree = BUILT_PRODUCTS_DIR; };
		F9152AF7EA69329883C7D229 /* Pods-Algonquin.debug.xcconfig */ = {isa = PBXFileReference; includeInIndex = 1; lastKnownFileType = text.xcconfig; name = "Pods-Algonquin.debug.xcconfig"; path = "Pods/Target Support Files/Pods-Algonquin/Pods-Algonquin.debug.xcconfig"; sourceTree = "<group>"; };
/* End PBXFileReference section */

/* Begin PBXFrameworksBuildPhase section */
		D0CC6C9E1F4E248D00D43AA8 /* Frameworks */ = {
			isa = PBXFrameworksBuildPhase;
			buildActionMask = 2147483647;
			files = (
				3F431BC1E7353069D973898B /* Pods_Algonquin.framework in Frameworks */,
			);
			runOnlyForDeploymentPostprocessing = 0;
		};
/* End PBXFrameworksBuildPhase section */

/* Begin PBXGroup section */
		5E7B65754C3A7D3B95344B5F /* Pods */ = {
			isa = PBXGroup;
			children = (
				F9152AF7EA69329883C7D229 /* Pods-Algonquin.debug.xcconfig */,
				5474BBE69EF73B89BD3E689E /* Pods-Algonquin.release.xcconfig */,
			);
			name = Pods;
			sourceTree = "<group>";
		};
		73C8699B5B54191FBFF44946 /* Frameworks */ = {
			isa = PBXGroup;
			children = (
				E6EE74CAB029109A07417E17 /* Pods_Algonquin.framework */,
			);
			name = Frameworks;
			sourceTree = "<group>";
		};
		D0B434E01F4E8ABE00393ACE /* View Controllers */ = {
			isa = PBXGroup;
			children = (
				D0B434E21F4E8AE400393ACE /* CoursesTableViewController.swift */,
				D07BA3161F51C80C005D2EE8 /* CourseDetailTableViewController.swift */,
			);
			name = "View Controllers";
			sourceTree = "<group>";
		};
		D0B434E11F4E8AD000393ACE /* Views */ = {
			isa = PBXGroup;
			children = (
				D0B434E41F4E8E9A00393ACE /* CoursesTableViewCell.swift */,
			);
			name = Views;
			sourceTree = "<group>";
		};
		D0CC6C981F4E248D00D43AA8 = {
			isa = PBXGroup;
			children = (
				D0CC6CA31F4E248D00D43AA8 /* Algonquin */,
				D0CC6CA21F4E248D00D43AA8 /* Products */,
				5E7B65754C3A7D3B95344B5F /* Pods */,
				73C8699B5B54191FBFF44946 /* Frameworks */,
			);
			sourceTree = "<group>";
		};
		D0CC6CA21F4E248D00D43AA8 /* Products */ = {
			isa = PBXGroup;
			children = (
				D0CC6CA11F4E248D00D43AA8 /* Algonquin.app */,
			);
			name = Products;
			sourceTree = "<group>";
		};
		D0CC6CA31F4E248D00D43AA8 /* Algonquin */ = {
			isa = PBXGroup;
			children = (
				D0B434E11F4E8AD000393ACE /* Views */,
				D0B434E01F4E8ABE00393ACE /* View Controllers */,
				D0CC6CBB1F4E593200D43AA8 /* Networking */,
				D0CC6CB61F4E24F900D43AA8 /* Models */,
				D0CC6CA41F4E248D00D43AA8 /* AppDelegate.swift */,
				D0CC6CA81F4E248D00D43AA8 /* Main.storyboard */,
				D0CC6CAB1F4E248D00D43AA8 /* Assets.xcassets */,
				D0CC6CAD1F4E248D00D43AA8 /* LaunchScreen.storyboard */,
				D0CC6CB01F4E248D00D43AA8 /* Info.plist */,
			);
			path = Algonquin;
			sourceTree = "<group>";
		};
		D0CC6CB61F4E24F900D43AA8 /* Models */ = {
			isa = PBXGroup;
			children = (
				D0CC6CB71F4E262900D43AA8 /* Summary.swift */,
				D0CC6CB91F4E289500D43AA8 /* Course.swift */,
			);
			name = Models;
			sourceTree = "<group>";
		};
		D0CC6CBB1F4E593200D43AA8 /* Networking */ = {
			isa = PBXGroup;
			children = (
				D0CC6CBC1F4E594F00D43AA8 /* Request.swift */,
				D0CC6CC01F4E5A1B00D43AA8 /* ParserRoutes.swift */,
				D0B434E61F4E8F9700393ACE /* Client.swift */,
			);
			name = Networking;
			sourceTree = "<group>";
		};
/* End PBXGroup section */

/* Begin PBXNativeTarget section */
		D0CC6CA01F4E248D00D43AA8 /* Algonquin */ = {
			isa = PBXNativeTarget;
			buildConfigurationList = D0CC6CB31F4E248D00D43AA8 /* Build configuration list for PBXNativeTarget "Algonquin" */;
			buildPhases = (
				374C616CA3863D4DFE62AF83 /* [CP] Check Pods Manifest.lock */,
				D0CC6C9D1F4E248D00D43AA8 /* Sources */,
				D0CC6C9E1F4E248D00D43AA8 /* Frameworks */,
				D0CC6C9F1F4E248D00D43AA8 /* Resources */,
				0001F7B03E754325ECC2917E /* [CP] Embed Pods Frameworks */,
				0EA7504D38F44235D8030847 /* [CP] Copy Pods Resources */,
			);
			buildRules = (
			);
			dependencies = (
			);
			name = Algonquin;
			productName = Algonquin;
			productReference = D0CC6CA11F4E248D00D43AA8 /* Algonquin.app */;
			productType = "com.apple.product-type.application";
		};
/* End PBXNativeTarget section */

/* Begin PBXProject section */
		D0CC6C991F4E248D00D43AA8 /* Project object */ = {
			isa = PBXProject;
			attributes = {
				LastSwiftUpdateCheck = 0830;
				LastUpgradeCheck = 0830;
				ORGANIZATIONNAME = "Peter Soboyejo";
				TargetAttributes = {
					D0CC6CA01F4E248D00D43AA8 = {
						CreatedOnToolsVersion = 8.3.2;
						DevelopmentTeam = F62D38X3Q2;
						ProvisioningStyle = Automatic;
					};
				};
			};
			buildConfigurationList = D0CC6C9C1F4E248D00D43AA8 /* Build configuration list for PBXProject "Algonquin" */;
			compatibilityVersion = "Xcode 3.2";
			developmentRegion = English;
			hasScannedForEncodings = 0;
			knownRegions = (
				en,
				Base,
			);
			mainGroup = D0CC6C981F4E248D00D43AA8;
			productRefGroup = D0CC6CA21F4E248D00D43AA8 /* Products */;
			projectDirPath = "";
			projectRoot = "";
			targets = (
				D0CC6CA01F4E248D00D43AA8 /* Algonquin */,
			);
		};
/* End PBXProject section */

/* Begin PBXResourcesBuildPhase section */
		D0CC6C9F1F4E248D00D43AA8 /* Resources */ = {
			isa = PBXResourcesBuildPhase;
			buildActionMask = 2147483647;
			files = (
				D0CC6CAF1F4E248D00D43AA8 /* LaunchScreen.storyboard in Resources */,
				D0CC6CAC1F4E248D00D43AA8 /* Assets.xcassets in Resources */,
				D0CC6CAA1F4E248D00D43AA8 /* Main.storyboard in Resources */,
			);
			runOnlyForDeploymentPostprocessing = 0;
		};
/* End PBXResourcesBuildPhase section */

/* Begin PBXShellScriptBuildPhase section */
		0001F7B03E754325ECC2917E /* [CP] Embed Pods Frameworks */ = {
			isa = PBXShellScriptBuildPhase;
			buildActionMask = 2147483647;
			files = (
			);
			inputPaths = (
			);
			name = "[CP] Embed Pods Frameworks";
			outputPaths = (
			);
			runOnlyForDeploymentPostprocessing = 0;
			shellPath = /bin/sh;
			shellScript = "\"${SRCROOT}/Pods/Target Support Files/Pods-Algonquin/Pods-Algonquin-frameworks.sh\"\n";
			showEnvVarsInLog = 0;
		};
		0EA7504D38F44235D8030847 /* [CP] Copy Pods Resources */ = {
			isa = PBXShellScriptBuildPhase;
			buildActionMask = 2147483647;
			files = (
			);
			inputPaths = (
			);
			name = "[CP] Copy Pods Resources";
			outputPaths = (
			);
			runOnlyForDeploymentPostprocessing = 0;
			shellPath = /bin/sh;
			shellScript = "\"${SRCROOT}/Pods/Target Support Files/Pods-Algonquin/Pods-Algonquin-resources.sh\"\n";
			showEnvVarsInLog = 0;
		};
		374C616CA3863D4DFE62AF83 /* [CP] Check Pods Manifest.lock */ = {
			isa = PBXShellScriptBuildPhase;
			buildActionMask = 2147483647;
			files = (
			);
			inputPaths = (
			);
			name = "[CP] Check Pods Manifest.lock";
			outputPaths = (
			);
			runOnlyForDeploymentPostprocessing = 0;
			shellPath = /bin/sh;
			shellScript = "diff \"${PODS_PODFILE_DIR_PATH}/Podfile.lock\" \"${PODS_ROOT}/Manifest.lock\" > /dev/null\nif [ $? != 0 ] ; then\n    # print error to STDERR\n    echo \"error: The sandbox is not in sync with the Podfile.lock. Run 'pod install' or update your CocoaPods installation.\" >&2\n    exit 1\nfi\n";
			showEnvVarsInLog = 0;
		};
/* End PBXShellScriptBuildPhase section */

/* Begin PBXSourcesBuildPhase section */
		D0CC6C9D1F4E248D00D43AA8 /* Sources */ = {
			isa = PBXSourcesBuildPhase;
			buildActionMask = 2147483647;
			files = (
				D0CC6CBA1F4E289500D43AA8 /* Course.swift in Sources */,
				D0CC6CBD1F4E594F00D43AA8 /* Request.swift in Sources */,
				D07BA3171F51C80C005D2EE8 /* CourseDetailTableViewController.swift in Sources */,
				D0B434E31F4E8AE400393ACE /* CoursesTableViewController.swift in Sources */,
				D0B434E51F4E8E9A00393ACE /* CoursesTableViewCell.swift in Sources */,
				D0CC6CB81F4E262900D43AA8 /* Summary.swift in Sources */,
				D0CC6CA51F4E248D00D43AA8 /* AppDelegate.swift in Sources */,
				D0CC6CC11F4E5A1B00D43AA8 /* ParserRoutes.swift in Sources */,
				D0B434E71F4E8F9700393ACE /* Client.swift in Sources */,
			);
			runOnlyForDeploymentPostprocessing = 0;
		};
/* End PBXSourcesBuildPhase section */

/* Begin PBXVariantGroup section */
		D0CC6CA81F4E248D00D43AA8 /* Main.storyboard */ = {
			isa = PBXVariantGroup;
			children = (
				D0CC6CA91F4E248D00D43AA8 /* Base */,
			);
			name = Main.storyboard;
			sourceTree = "<group>";
		};
		D0CC6CAD1F4E248D00D43AA8 /* LaunchScreen.storyboard */ = {
			isa = PBXVariantGroup;
			children = (
				D0CC6CAE1F4E248D00D43AA8 /* Base */,
			);
			name = LaunchScreen.storyboard;
			sourceTree = "<group>";
		};
/* End PBXVariantGroup section */

/* Begin XCBuildConfiguration section */
		D0CC6CB11F4E248D00D43AA8 /* Debug */ = {
			isa = XCBuildConfiguration;
			buildSettings = {
				ALWAYS_SEARCH_USER_PATHS = NO;
				CLANG_ANALYZER_NONNULL = YES;
				CLANG_ANALYZER_NUMBER_OBJECT_CONVERSION = YES_AGGRESSIVE;
				CLANG_CXX_LANGUAGE_STANDARD = "gnu++0x";
				CLANG_CXX_LIBRARY = "libc++";
				CLANG_ENABLE_MODULES = YES;
				CLANG_ENABLE_OBJC_ARC = YES;
				CLANG_WARN_BOOL_CONVERSION = YES;
				CLANG_WARN_CONSTANT_CONVERSION = YES;
				CLANG_WARN_DIRECT_OBJC_ISA_USAGE = YES_ERROR;
				CLANG_WARN_DOCUMENTATION_COMMENTS = YES;
				CLANG_WARN_EMPTY_BODY = YES;
				CLANG_WARN_ENUM_CONVERSION = YES;
				CLANG_WARN_INFINITE_RECURSION = YES;
				CLANG_WARN_INT_CONVERSION = YES;
				CLANG_WARN_OBJC_ROOT_CLASS = YES_ERROR;
				CLANG_WARN_SUSPICIOUS_MOVE = YES;
				CLANG_WARN_UNREACHABLE_CODE = YES;
				CLANG_WARN__DUPLICATE_METHOD_MATCH = YES;
				"CODE_SIGN_IDENTITY[sdk=iphoneos*]" = "iPhone Developer";
				COPY_PHASE_STRIP = NO;
				DEBUG_INFORMATION_FORMAT = dwarf;
				ENABLE_STRICT_OBJC_MSGSEND = YES;
				ENABLE_TESTABILITY = YES;
				GCC_C_LANGUAGE_STANDARD = gnu99;
				GCC_DYNAMIC_NO_PIC = NO;
				GCC_NO_COMMON_BLOCKS = YES;
				GCC_OPTIMIZATION_LEVEL = 0;
				GCC_PREPROCESSOR_DEFINITIONS = (
					"DEBUG=1",
					"$(inherited)",
				);
				GCC_WARN_64_TO_32_BIT_CONVERSION = YES;
				GCC_WARN_ABOUT_RETURN_TYPE = YES_ERROR;
				GCC_WARN_UNDECLARED_SELECTOR = YES;
				GCC_WARN_UNINITIALIZED_AUTOS = YES_AGGRESSIVE;
				GCC_WARN_UNUSED_FUNCTION = YES;
				GCC_WARN_UNUSED_VARIABLE = YES;
				IPHONEOS_DEPLOYMENT_TARGET = 10.3;
				MTL_ENABLE_DEBUG_INFO = YES;
				ONLY_ACTIVE_ARCH = YES;
				SDKROOT = iphoneos;
				SWIFT_ACTIVE_COMPILATION_CONDITIONS = DEBUG;
				SWIFT_OPTIMIZATION_LEVEL = "-Onone";
			};
			name = Debug;
		};
		D0CC6CB21F4E248D00D43AA8 /* Release */ = {
			isa = XCBuildConfiguration;
			buildSettings = {
				ALWAYS_SEARCH_USER_PATHS = NO;
				CLANG_ANALYZER_NONNULL = YES;
				CLANG_ANALYZER_NUMBER_OBJECT_CONVERSION = YES_AGGRESSIVE;
				CLANG_CXX_LANGUAGE_STANDARD = "gnu++0x";
				CLANG_CXX_LIBRARY = "libc++";
				CLANG_ENABLE_MODULES = YES;
				CLANG_ENABLE_OBJC_ARC = YES;
				CLANG_WARN_BOOL_CONVERSION = YES;
				CLANG_WARN_CONSTANT_CONVERSION = YES;
				CLANG_WARN_DIRECT_OBJC_ISA_USAGE = YES_ERROR;
				CLANG_WARN_DOCUMENTATION_COMMENTS = YES;
				CLANG_WARN_EMPTY_BODY = YES;
				CLANG_WARN_ENUM_CONVERSION = YES;
				CLANG_WARN_INFINITE_RECURSION = YES;
				CLANG_WARN_INT_CONVERSION = YES;
				CLANG_WARN_OBJC_ROOT_CLASS = YES_ERROR;
				CLANG_WARN_SUSPICIOUS_MOVE = YES;
				CLANG_WARN_UNREACHABLE_CODE = YES;
				CLANG_WARN__DUPLICATE_METHOD_MATCH = YES;
				"CODE_SIGN_IDENTITY[sdk=iphoneos*]" = "iPhone Developer";
				COPY_PHASE_STRIP = NO;
				DEBUG_INFORMATION_FORMAT = "dwarf-with-dsym";
				ENABLE_NS_ASSERTIONS = NO;
				ENABLE_STRICT_OBJC_MSGSEND = YES;
				GCC_C_LANGUAGE_STANDARD = gnu99;
				GCC_NO_COMMON_BLOCKS = YES;
				GCC_WARN_64_TO_32_BIT_CONVERSION = YES;
				GCC_WARN_ABOUT_RETURN_TYPE = YES_ERROR;
				GCC_WARN_UNDECLARED_SELECTOR = YES;
				GCC_WARN_UNINITIALIZED_AUTOS = YES_AGGRESSIVE;
				GCC_WARN_UNUSED_FUNCTION = YES;
				GCC_WARN_UNUSED_VARIABLE = YES;
				IPHONEOS_DEPLOYMENT_TARGET = 10.3;
				MTL_ENABLE_DEBUG_INFO = NO;
				SDKROOT = iphoneos;
				SWIFT_OPTIMIZATION_LEVEL = "-Owholemodule";
				VALIDATE_PRODUCT = YES;
			};
			name = Release;
		};
		D0CC6CB41F4E248D00D43AA8 /* Debug */ = {
			isa = XCBuildConfiguration;
			baseConfigurationReference = F9152AF7EA69329883C7D229 /* Pods-Algonquin.debug.xcconfig */;
			buildSettings = {
				ASSETCATALOG_COMPILER_APPICON_NAME = AppIcon;
				DEVELOPMENT_TEAM = F62D38X3Q2;
				INFOPLIST_FILE = Algonquin/Info.plist;
				IPHONEOS_DEPLOYMENT_TARGET = 10.0;
				LD_RUNPATH_SEARCH_PATHS = "$(inherited) @executable_path/Frameworks";
				PRODUCT_BUNDLE_IDENTIFIER = com.petersoboyejo.Algonquin;
				PRODUCT_NAME = "$(TARGET_NAME)";
				SWIFT_VERSION = 3.0;
			};
			name = Debug;
		};
		D0CC6CB51F4E248D00D43AA8 /* Release */ = {
			isa = XCBuildConfiguration;
			baseConfigurationReference = 5474BBE69EF73B89BD3E689E /* Pods-Algonquin.release.xcconfig */;
			buildSettings = {
				ASSETCATALOG_COMPILER_APPICON_NAME = AppIcon;
				DEVELOPMENT_TEAM = F62D38X3Q2;
				INFOPLIST_FILE = Algonquin/Info.plist;
				IPHONEOS_DEPLOYMENT_TARGET = 10.0;
				LD_RUNPATH_SEARCH_PATHS = "$(inherited) @executable_path/Frameworks";
				PRODUCT_BUNDLE_IDENTIFIER = com.petersoboyejo.Algonquin;
				PRODUCT_NAME = "$(TARGET_NAME)";
				SWIFT_VERSION = 3.0;
			};
			name = Release;
		};
/* End XCBuildConfiguration section */

/* Begin XCConfigurationList section */
		D0CC6C9C1F4E248D00D43AA8 /* Build configuration list for PBXProject "Algonquin" */ = {
			isa = XCConfigurationList;
			buildConfigurations = (
				D0CC6CB11F4E248D00D43AA8 /* Debug */,
				D0CC6CB21F4E248D00D43AA8 /* Release */,
			);
			defaultConfigurationIsVisible = 0;
			defaultConfigurationName = Release;
		};
		D0CC6CB31F4E248D00D43AA8 /* Build configuration list for PBXNativeTarget "Algonquin" */ = {
			isa = XCConfigurationList;
			buildConfigurations = (
				D0CC6CB41F4E248D00D43AA8 /* Debug */,
				D0CC6CB51F4E248D00D43AA8 /* Release */,
			);
			defaultConfigurationIsVisible = 0;
			defaultConfigurationName = Release;
		};
/* End XCConfigurationList section */
	};
	rootObject = D0CC6C991F4E248D00D43AA8 /* Project object */;
}
